
Microsoft Visual Studio Solution File, Format Version 12.00
# Visual Studio Version 16
VisualStudioVersion = 16.0.30611.23
MinimumVisualStudioVersion = 10.0.40219.1
Project("{9A19103F-16F7-4668-BE54-9A1E7A4F7556}") = "CSVToXMLDataExtractionService", "CSVToXMLDataExtractionService.csproj", "{B0CC1CEB-739D-4433-9D22-4EFCFE6D2FB2}"
EndProject
Project("{2150E333-8FDC-42A3-9474-1A3956D46DE8}") = "TestOutput", "TestOutput", "{4714BC71-8FA0-4848-B874-875305B0DD71}"
	ProjectSection(SolutionItems) = preProject
		..\..\Data\Data.xml-06272021.203238 = ..\..\Data\Data.xml-06272021.203238
	EndProjectSection
EndProject
Global
	GlobalSection(SolutionConfigurationPlatforms) = preSolution
		Debug|Any CPU = Debug|Any CPU
		Release|Any CPU = Release|Any CPU
	EndGlobalSection
	GlobalSection(ProjectConfigurationPlatforms) = postSolution
		{B0CC1CEB-739D-4433-9D22-4EFCFE6D2FB2}.Debug|Any CPU.ActiveCfg = Debug|Any CPU
		{B0CC1CEB-739D-4433-9D22-4EFCFE6D2FB2}.Debug|Any CPU.Build.0 = Debug|Any CPU
		{B0CC1CEB-739D-4433-9D22-4EFCFE6D2FB2}.Release|Any CPU.ActiveCfg = Release|Any CPU
		{B0CC1CEB-739D-4433-9D22-4EFCFE6D2FB2}.Release|Any CPU.Build.0 = Release|Any CPU
	EndGlobalSection
	GlobalSection(SolutionProperties) = preSolution
		HideSolutionNode = FALSE
	EndGlobalSection
	GlobalSection(ExtensibilityGlobals) = postSolution
		SolutionGuid = {75435B6F-0F76-465D-846F-CCF8F91C7E84}
	EndGlobalSection
EndGlobal
